
Microsoft Visual Studio Solution File, Format Version 12.00
# Visual Studio Express 15 for Windows Desktop
VisualStudioVersion = 15.0.27130.2010
MinimumVisualStudioVersion = 10.0.40219.1
Project("{FAE04EC0-301F-11D3-BF4B-00C04F79EFBC}") = "Schlachtfest", "Schlachtfest\Schlachtfest.csproj", "{61EC1B3A-A840-4AB2-B689-AF639CBFF01F}"
EndProject
Global
	GlobalSection(SolutionConfigurationPlatforms) = preSolution
		Debug|Any CPU = Debug|Any CPU
		Release|Any CPU = Release|Any CPU
	EndGlobalSection
	GlobalSection(ProjectConfigurationPlatforms) = postSolution
		{61EC1B3A-A840-4AB2-B689-AF639CBFF01F}.Debug|Any CPU.ActiveCfg = Debug|Any CPU
		{61EC1B3A-A840-4AB2-B689-AF639CBFF01F}.Debug|Any CPU.Build.0 = Debug|Any CPU
		{61EC1B3A-A840-4AB2-B689-AF639CBFF01F}.Release|Any CPU.ActiveCfg = Release|Any CPU
		{61EC1B3A-A840-4AB2-B689-AF639CBFF01F}.Release|Any CPU.Build.0 = Release|Any CPU
	EndGlobalSection
	GlobalSection(SolutionProperties) = preSolution
		HideSolutionNode = FALSE
	EndGlobalSection
	GlobalSection(ExtensibilityGlobals) = postSolution
		SolutionGuid = {3ACDEF40-B27E-4357-911A-DCBEF00D8646}
	EndGlobalSection
EndGlobal
